
Microsoft Visual Studio Solution File, Format Version 12.00
# Visual Studio 15
VisualStudioVersion = 15.0.28307.421
MinimumVisualStudioVersion = 10.0.40219.1
Project("{FAE04EC0-301F-11D3-BF4B-00C04F79EFBC}") = "Lab1", "PortofoliuAlgoritmi\Lab1.csproj", "{E03B4D6B-9426-4E40-B91E-96ED9AC986D3}"
EndProject
Project("{FAE04EC0-301F-11D3-BF4B-00C04F79EFBC}") = "Lab2", "Lab2\Lab2.csproj", "{08593C8F-7E95-4C80-9ED8-22F67491ED57}"
EndProject
Project("{FAE04EC0-301F-11D3-BF4B-00C04F79EFBC}") = "Lab3", "Lab3\Lab3.csproj", "{2B4B4B65-53EF-4AD3-8B08-792C4479F112}"
EndProject
Project("{FAE04EC0-301F-11D3-BF4B-00C04F79EFBC}") = "Labo4", "Labo4\Labo4.csproj", "{AABFED7A-52EF-4DA5-A238-7EA5F6680BCD}"
EndProject
Project("{FAE04EC0-301F-11D3-BF4B-00C04F79EFBC}") = "Lab5", "Lab5\Lab5.csproj", "{8C273FBA-41ED-4BB3-8FD9-B8CF91814698}"
EndProject
Project("{FAE04EC0-301F-11D3-BF4B-00C04F79EFBC}") = "FractalulLuiCantor", "FractalulLuiCantor\FractalulLuiCantor.csproj", "{7C56180D-2EBC-4234-9005-A124656C0740}"
EndProject
Project("{FAE04EC0-301F-11D3-BF4B-00C04F79EFBC}") = "FractalulLuiKoch", "FractalulLuiKoch\FractalulLuiKoch.csproj", "{EB7CE428-19B0-4B7B-B7B1-F8868895CA92}"
EndProject
Project("{FAE04EC0-301F-11D3-BF4B-00C04F79EFBC}") = "TriunghiulLuiSierspinski", "TriunghiulLuiSierspinski\TriunghiulLuiSierspinski.csproj", "{E9D90AE9-415E-4CD2-9436-D07C7078893A}"
EndProject
Project("{FAE04EC0-301F-11D3-BF4B-00C04F79EFBC}") = "Laborator8", "Laborator8\Laborator8.csproj", "{4E13323E-C04A-4E6B-8BAD-E775ECCB1C6D}"
EndProject
Project("{FAE04EC0-301F-11D3-BF4B-00C04F79EFBC}") = "Laborator9", "Laborator9\Laborator9.csproj", "{58DDBE50-15CD-44E3-B599-ADE925B46B21}"
EndProject
Project("{FAE04EC0-301F-11D3-BF4B-00C04F79EFBC}") = "Laborator10", "Laborator10\Laborator10.csproj", "{ABDA10D7-926D-4C65-8585-8086656DD06F}"
EndProject
Project("{FAE04EC0-301F-11D3-BF4B-00C04F79EFBC}") = "Laborator6", "Laborator6\Laborator6.csproj", "{6FDF2FE1-E6A8-4BC3-99F6-E522584AB3D7}"
EndProject
Project("{FAE04EC0-301F-11D3-BF4B-00C04F79EFBC}") = "Laboratorul7", "Laboratorul7\Laboratorul7.csproj", "{2478E42C-8FC8-49E2-8820-F948E2E3E9D8}"
EndProject
Project("{FAE04EC0-301F-11D3-BF4B-00C04F79EFBC}") = "Jarvis", "..\..\GeometrieCompLaborator\AcopeririConvexe\AcopeririConvexe\Jarvis.csproj", "{44A05EF1-9662-486A-B1FE-0BAE927EC0CC}"
EndProject
Project("{FAE04EC0-301F-11D3-BF4B-00C04F79EFBC}") = "PoligonRecursiv", "PoligonRecursiv\PoligonRecursiv.csproj", "{B864140E-A2FC-4A2E-A0F4-C682625BBFF7}"
EndProject
Project("{FAE04EC0-301F-11D3-BF4B-00C04F79EFBC}") = "Intersectia a doua drepte", "Intersectia a doua drepte\Intersectia a doua drepte.csproj", "{6B5898C1-F5FD-425D-8265-4709C28BA7A0}"
EndProject
Project("{FAE04EC0-301F-11D3-BF4B-00C04F79EFBC}") = "Laboratorul14", "Laboratorul14\Laboratorul14.csproj", "{0F15E2FB-E668-4982-BD8C-B8526FAA386A}"
EndProject
Global
	GlobalSection(SolutionConfigurationPlatforms) = preSolution
		Debug|Any CPU = Debug|Any CPU
		Debug|x64 = Debug|x64
		Debug|x86 = Debug|x86
		Release|Any CPU = Release|Any CPU
		Release|x64 = Release|x64
		Release|x86 = Release|x86
	EndGlobalSection
	GlobalSection(ProjectConfigurationPlatforms) = postSolution
		{E03B4D6B-9426-4E40-B91E-96ED9AC986D3}.Debug|Any CPU.ActiveCfg = Debug|Any CPU
		{E03B4D6B-9426-4E40-B91E-96ED9AC986D3}.Debug|Any CPU.Build.0 = Debug|Any CPU
		{E03B4D6B-9426-4E40-B91E-96ED9AC986D3}.Debug|x64.ActiveCfg = Debug|Any CPU
		{E03B4D6B-9426-4E40-B91E-96ED9AC986D3}.Debug|x64.Build.0 = Debug|Any CPU
		{E03B4D6B-9426-4E40-B91E-96ED9AC986D3}.Debug|x86.ActiveCfg = Debug|Any CPU
		{E03B4D6B-9426-4E40-B91E-96ED9AC986D3}.Debug|x86.Build.0 = Debug|Any CPU
		{E03B4D6B-9426-4E40-B91E-96ED9AC986D3}.Release|Any CPU.ActiveCfg = Release|Any CPU
		{E03B4D6B-9426-4E40-B91E-96ED9AC986D3}.Release|Any CPU.Build.0 = Release|Any CPU
		{E03B4D6B-9426-4E40-B91E-96ED9AC986D3}.Release|x64.ActiveCfg = Release|Any CPU
		{E03B4D6B-9426-4E40-B91E-96ED9AC986D3}.Release|x64.Build.0 = Release|Any CPU
		{E03B4D6B-9426-4E40-B91E-96ED9AC986D3}.Release|x86.ActiveCfg = Release|Any CPU
		{E03B4D6B-9426-4E40-B91E-96ED9AC986D3}.Release|x86.Build.0 = Release|Any CPU
		{08593C8F-7E95-4C80-9ED8-22F67491ED57}.Debug|Any CPU.ActiveCfg = Debug|Any CPU
		{08593C8F-7E95-4C80-9ED8-22F67491ED57}.Debug|Any CPU.Build.0 = Debug|Any CPU
		{08593C8F-7E95-4C80-9ED8-22F67491ED57}.Debug|x64.ActiveCfg = Debug|Any CPU
		{08593C8F-7E95-4C80-9ED8-22F67491ED57}.Debug|x64.Build.0 = Debug|Any CPU
		{08593C8F-7E95-4C80-9ED8-22F67491ED57}.Debug|x86.ActiveCfg = Debug|Any CPU
		{08593C8F-7E95-4C80-9ED8-22F67491ED57}.Debug|x86.Build.0 = Debug|Any CPU
		{08593C8F-7E95-4C80-9ED8-22F67491ED57}.Release|Any CPU.ActiveCfg = Release|Any CPU
		{08593C8F-7E95-4C80-9ED8-22F67491ED57}.Release|Any CPU.Build.0 = Release|Any CPU
		{08593C8F-7E95-4C80-9ED8-22F67491ED57}.Release|x64.ActiveCfg = Release|Any CPU
		{08593C8F-7E95-4C80-9ED8-22F67491ED57}.Release|x64.Build.0 = Release|Any CPU
		{08593C8F-7E95-4C80-9ED8-22F67491ED57}.Release|x86.ActiveCfg = Release|Any CPU
		{08593C8F-7E95-4C80-9ED8-22F67491ED57}.Release|x86.Build.0 = Release|Any CPU
		{2B4B4B65-53EF-4AD3-8B08-792C4479F112}.Debug|Any CPU.ActiveCfg = Debug|Any CPU
		{2B4B4B65-53EF-4AD3-8B08-792C4479F112}.Debug|Any CPU.Build.0 = Debug|Any CPU
		{2B4B4B65-53EF-4AD3-8B08-792C4479F112}.Debug|x64.ActiveCfg = Debug|Any CPU
		{2B4B4B65-53EF-4AD3-8B08-792C4479F112}.Debug|x64.Build.0 = Debug|Any CPU
		{2B4B4B65-53EF-4AD3-8B08-792C4479F112}.Debug|x86.ActiveCfg = Debug|Any CPU
		{2B4B4B65-53EF-4AD3-8B08-792C4479F112}.Debug|x86.Build.0 = Debug|Any CPU
		{2B4B4B65-53EF-4AD3-8B08-792C4479F112}.Release|Any CPU.ActiveCfg = Release|Any CPU
		{2B4B4B65-53EF-4AD3-8B08-792C4479F112}.Release|Any CPU.Build.0 = Release|Any CPU
		{2B4B4B65-53EF-4AD3-8B08-792C4479F112}.Release|x64.ActiveCfg = Release|Any CPU
		{2B4B4B65-53EF-4AD3-8B08-792C4479F112}.Release|x64.Build.0 = Release|Any CPU
		{2B4B4B65-53EF-4AD3-8B08-792C4479F112}.Release|x86.ActiveCfg = Release|Any CPU
		{2B4B4B65-53EF-4AD3-8B08-792C4479F112}.Release|x86.Build.0 = Release|Any CPU
		{AABFED7A-52EF-4DA5-A238-7EA5F6680BCD}.Debug|Any CPU.ActiveCfg = Debug|Any CPU
		{AABFED7A-52EF-4DA5-A238-7EA5F6680BCD}.Debug|Any CPU.Build.0 = Debug|Any CPU
		{AABFED7A-52EF-4DA5-A238-7EA5F6680BCD}.Debug|x64.ActiveCfg = Debug|Any CPU
		{AABFED7A-52EF-4DA5-A238-7EA5F6680BCD}.Debug|x64.Build.0 = Debug|Any CPU
		{AABFED7A-52EF-4DA5-A238-7EA5F6680BCD}.Debug|x86.ActiveCfg = Debug|Any CPU
		{AABFED7A-52EF-4DA5-A238-7EA5F6680BCD}.Debug|x86.Build.0 = Debug|Any CPU
		{AABFED7A-52EF-4DA5-A238-7EA5F6680BCD}.Release|Any CPU.ActiveCfg = Release|Any CPU
		{AABFED7A-52EF-4DA5-A238-7EA5F6680BCD}.Release|Any CPU.Build.0 = Release|Any CPU
		{AABFED7A-52EF-4DA5-A238-7EA5F6680BCD}.Release|x64.ActiveCfg = Release|Any CPU
		{AABFED7A-52EF-4DA5-A238-7EA5F6680BCD}.Release|x64.Build.0 = Release|Any CPU
		{AABFED7A-52EF-4DA5-A238-7EA5F6680BCD}.Release|x86.ActiveCfg = Release|Any CPU
		{AABFED7A-52EF-4DA5-A238-7EA5F6680BCD}.Release|x86.Build.0 = Release|Any CPU
		{8C273FBA-41ED-4BB3-8FD9-B8CF91814698}.Debug|Any CPU.ActiveCfg = Debug|Any CPU
		{8C273FBA-41ED-4BB3-8FD9-B8CF91814698}.Debug|Any CPU.Build.0 = Debug|Any CPU
		{8C273FBA-41ED-4BB3-8FD9-B8CF91814698}.Debug|x64.ActiveCfg = Debug|Any CPU
		{8C273FBA-41ED-4BB3-8FD9-B8CF91814698}.Debug|x64.Build.0 = Debug|Any CPU
		{8C273FBA-41ED-4BB3-8FD9-B8CF91814698}.Debug|x86.ActiveCfg = Debug|Any CPU
		{8C273FBA-41ED-4BB3-8FD9-B8CF91814698}.Debug|x86.Build.0 = Debug|Any CPU
		{8C273FBA-41ED-4BB3-8FD9-B8CF91814698}.Release|Any CPU.ActiveCfg = Release|Any CPU
		{8C273FBA-41ED-4BB3-8FD9-B8CF91814698}.Release|Any CPU.Build.0 = Release|Any CPU
		{8C273FBA-41ED-4BB3-8FD9-B8CF91814698}.Release|x64.ActiveCfg = Release|Any CPU
		{8C273FBA-41ED-4BB3-8FD9-B8CF91814698}.Release|x64.Build.0 = Release|Any CPU
		{8C273FBA-41ED-4BB3-8FD9-B8CF91814698}.Release|x86.ActiveCfg = Release|Any CPU
		{8C273FBA-41ED-4BB3-8FD9-B8CF91814698}.Release|x86.Build.0 = Release|Any CPU
		{7C56180D-2EBC-4234-9005-A124656C0740}.Debug|Any CPU.ActiveCfg = Debug|Any CPU
		{7C56180D-2EBC-4234-9005-A124656C0740}.Debug|Any CPU.Build.0 = Debug|Any CPU
		{7C56180D-2EBC-4234-9005-A124656C0740}.Debug|x64.ActiveCfg = Debug|Any CPU
		{7C56180D-2EBC-4234-9005-A124656C0740}.Debug|x64.Build.0 = Debug|Any CPU
		{7C56180D-2EBC-4234-9005-A124656C0740}.Debug|x86.ActiveCfg = Debug|Any CPU
		{7C56180D-2EBC-4234-9005-A124656C0740}.Debug|x86.Build.0 = Debug|Any CPU
		{7C56180D-2EBC-4234-9005-A124656C0740}.Release|Any CPU.ActiveCfg = Release|Any CPU
		{7C56180D-2EBC-4234-9005-A124656C0740}.Release|Any CPU.Build.0 = Release|Any CPU
		{7C56180D-2EBC-4234-9005-A124656C0740}.Release|x64.ActiveCfg = Release|Any CPU
		{7C56180D-2EBC-4234-9005-A124656C0740}.Release|x64.Build.0 = Release|Any CPU
		{7C56180D-2EBC-4234-9005-A124656C0740}.Release|x86.ActiveCfg = Release|Any CPU
		{7C56180D-2EBC-4234-9005-A124656C0740}.Release|x86.Build.0 = Release|Any CPU
		{EB7CE428-19B0-4B7B-B7B1-F8868895CA92}.Debug|Any CPU.ActiveCfg = Debug|Any CPU
		{EB7CE428-19B0-4B7B-B7B1-F8868895CA92}.Debug|Any CPU.Build.0 = Debug|Any CPU
		{EB7CE428-19B0-4B7B-B7B1-F8868895CA92}.Debug|x64.ActiveCfg = Debug|Any CPU
		{EB7CE428-19B0-4B7B-B7B1-F8868895CA92}.Debug|x64.Build.0 = Debug|Any CPU
		{EB7CE428-19B0-4B7B-B7B1-F8868895CA92}.Debug|x86.ActiveCfg = Debug|Any CPU
		{EB7CE428-19B0-4B7B-B7B1-F8868895CA92}.Debug|x86.Build.0 = Debug|Any CPU
		{EB7CE428-19B0-4B7B-B7B1-F8868895CA92}.Release|Any CPU.ActiveCfg = Release|Any CPU
		{EB7CE428-19B0-4B7B-B7B1-F8868895CA92}.Release|Any CPU.Build.0 = Release|Any CPU
		{EB7CE428-19B0-4B7B-B7B1-F8868895CA92}.Release|x64.ActiveCfg = Release|Any CPU
		{EB7CE428-19B0-4B7B-B7B1-F8868895CA92}.Release|x64.Build.0 = Release|Any CPU
		{EB7CE428-19B0-4B7B-B7B1-F8868895CA92}.Release|x86.ActiveCfg = Release|Any CPU
		{EB7CE428-19B0-4B7B-B7B1-F8868895CA92}.Release|x86.Build.0 = Release|Any CPU
		{E9D90AE9-415E-4CD2-9436-D07C7078893A}.Debug|Any CPU.ActiveCfg = Debug|Any CPU
		{E9D90AE9-415E-4CD2-9436-D07C7078893A}.Debug|Any CPU.Build.0 = Debug|Any CPU
		{E9D90AE9-415E-4CD2-9436-D07C7078893A}.Debug|x64.ActiveCfg = Debug|Any CPU
		{E9D90AE9-415E-4CD2-9436-D07C7078893A}.Debug|x64.Build.0 = Debug|Any CPU
		{E9D90AE9-415E-4CD2-9436-D07C7078893A}.Debug|x86.ActiveCfg = Debug|Any CPU
		{E9D90AE9-415E-4CD2-9436-D07C7078893A}.Debug|x86.Build.0 = Debug|Any CPU
		{E9D90AE9-415E-4CD2-9436-D07C7078893A}.Release|Any CPU.ActiveCfg = Release|Any CPU
		{E9D90AE9-415E-4CD2-9436-D07C7078893A}.Release|Any CPU.Build.0 = Release|Any CPU
		{E9D90AE9-415E-4CD2-9436-D07C7078893A}.Release|x64.ActiveCfg = Release|Any CPU
		{E9D90AE9-415E-4CD2-9436-D07C7078893A}.Release|x64.Build.0 = Release|Any CPU
		{E9D90AE9-415E-4CD2-9436-D07C7078893A}.Release|x86.ActiveCfg = Release|Any CPU
		{E9D90AE9-415E-4CD2-9436-D07C7078893A}.Release|x86.Build.0 = Release|Any CPU
		{4E13323E-C04A-4E6B-8BAD-E775ECCB1C6D}.Debug|Any CPU.ActiveCfg = Debug|Any CPU
		{4E13323E-C04A-4E6B-8BAD-E775ECCB1C6D}.Debug|Any CPU.Build.0 = Debug|Any CPU
		{4E13323E-C04A-4E6B-8BAD-E775ECCB1C6D}.Debug|x64.ActiveCfg = Debug|Any CPU
		{4E13323E-C04A-4E6B-8BAD-E775ECCB1C6D}.Debug|x64.Build.0 = Debug|Any CPU
		{4E13323E-C04A-4E6B-8BAD-E775ECCB1C6D}.Debug|x86.ActiveCfg = Debug|Any CPU
		{4E13323E-C04A-4E6B-8BAD-E775ECCB1C6D}.Debug|x86.Build.0 = Debug|Any CPU
		{4E13323E-C04A-4E6B-8BAD-E775ECCB1C6D}.Release|Any CPU.ActiveCfg = Release|Any CPU
		{4E13323E-C04A-4E6B-8BAD-E775ECCB1C6D}.Release|Any CPU.Build.0 = Release|Any CPU
		{4E13323E-C04A-4E6B-8BAD-E775ECCB1C6D}.Release|x64.ActiveCfg = Release|Any CPU
		{4E13323E-C04A-4E6B-8BAD-E775ECCB1C6D}.Release|x64.Build.0 = Release|Any CPU
		{4E13323E-C04A-4E6B-8BAD-E775ECCB1C6D}.Release|x86.ActiveCfg = Release|Any CPU
		{4E13323E-C04A-4E6B-8BAD-E775ECCB1C6D}.Release|x86.Build.0 = Release|Any CPU
		{58DDBE50-15CD-44E3-B599-ADE925B46B21}.Debug|Any CPU.ActiveCfg = Debug|Any CPU
		{58DDBE50-15CD-44E3-B599-ADE925B46B21}.Debug|Any CPU.Build.0 = Debug|Any CPU
		{58DDBE50-15CD-44E3-B599-ADE925B46B21}.Debug|x64.ActiveCfg = Debug|Any CPU
		{58DDBE50-15CD-44E3-B599-ADE925B46B21}.Debug|x64.Build.0 = Debug|Any CPU
		{58DDBE50-15CD-44E3-B599-ADE925B46B21}.Debug|x86.ActiveCfg = Debug|Any CPU
		{58DDBE50-15CD-44E3-B599-ADE925B46B21}.Debug|x86.Build.0 = Debug|Any CPU
		{58DDBE50-15CD-44E3-B599-ADE925B46B21}.Release|Any CPU.ActiveCfg = Release|Any CPU
		{58DDBE50-15CD-44E3-B599-ADE925B46B21}.Release|Any CPU.Build.0 = Release|Any CPU
		{58DDBE50-15CD-44E3-B599-ADE925B46B21}.Release|x64.ActiveCfg = Release|Any CPU
		{58DDBE50-15CD-44E3-B599-ADE925B46B21}.Release|x64.Build.0 = Release|Any CPU
		{58DDBE50-15CD-44E3-B599-ADE925B46B21}.Release|x86.ActiveCfg = Release|Any CPU
		{58DDBE50-15CD-44E3-B599-ADE925B46B21}.Release|x86.Build.0 = Release|Any CPU
		{ABDA10D7-926D-4C65-8585-8086656DD06F}.Debug|Any CPU.ActiveCfg = Debug|Any CPU
		{ABDA10D7-926D-4C65-8585-8086656DD06F}.Debug|Any CPU.Build.0 = Debug|Any CPU
		{ABDA10D7-926D-4C65-8585-8086656DD06F}.Debug|x64.ActiveCfg = Debug|Any CPU
		{ABDA10D7-926D-4C65-8585-8086656DD06F}.Debug|x64.Build.0 = Debug|Any CPU
		{ABDA10D7-926D-4C65-8585-8086656DD06F}.Debug|x86.ActiveCfg = Debug|Any CPU
		{ABDA10D7-926D-4C65-8585-8086656DD06F}.Debug|x86.Build.0 = Debug|Any CPU
		{ABDA10D7-926D-4C65-8585-8086656DD06F}.Release|Any CPU.ActiveCfg = Release|Any CPU
		{ABDA10D7-926D-4C65-8585-8086656DD06F}.Release|Any CPU.Build.0 = Release|Any CPU
		{ABDA10D7-926D-4C65-8585-8086656DD06F}.Release|x64.ActiveCfg = Release|Any CPU
		{ABDA10D7-926D-4C65-8585-8086656DD06F}.Release|x64.Build.0 = Release|Any CPU
		{ABDA10D7-926D-4C65-8585-8086656DD06F}.Release|x86.ActiveCfg = Release|Any CPU
		{ABDA10D7-926D-4C65-8585-8086656DD06F}.Release|x86.Build.0 = Release|Any CPU
		{6FDF2FE1-E6A8-4BC3-99F6-E522584AB3D7}.Debug|Any CPU.ActiveCfg = Debug|Any CPU
		{6FDF2FE1-E6A8-4BC3-99F6-E522584AB3D7}.Debug|Any CPU.Build.0 = Debug|Any CPU
		{6FDF2FE1-E6A8-4BC3-99F6-E522584AB3D7}.Debug|x64.ActiveCfg = Debug|Any CPU
		{6FDF2FE1-E6A8-4BC3-99F6-E522584AB3D7}.Debug|x64.Build.0 = Debug|Any CPU
		{6FDF2FE1-E6A8-4BC3-99F6-E522584AB3D7}.Debug|x86.ActiveCfg = Debug|Any CPU
		{6FDF2FE1-E6A8-4BC3-99F6-E522584AB3D7}.Debug|x86.Build.0 = Debug|Any CPU
		{6FDF2FE1-E6A8-4BC3-99F6-E522584AB3D7}.Release|Any CPU.ActiveCfg = Release|Any CPU
		{6FDF2FE1-E6A8-4BC3-99F6-E522584AB3D7}.Release|Any CPU.Build.0 = Release|Any CPU
		{6FDF2FE1-E6A8-4BC3-99F6-E522584AB3D7}.Release|x64.ActiveCfg = Release|Any CPU
		{6FDF2FE1-E6A8-4BC3-99F6-E522584AB3D7}.Release|x64.Build.0 = Release|Any CPU
		{6FDF2FE1-E6A8-4BC3-99F6-E522584AB3D7}.Release|x86.ActiveCfg = Release|Any CPU
		{6FDF2FE1-E6A8-4BC3-99F6-E522584AB3D7}.Release|x86.Build.0 = Release|Any CPU
		{2478E42C-8FC8-49E2-8820-F948E2E3E9D8}.Debug|Any CPU.ActiveCfg = Debug|Any CPU
		{2478E42C-8FC8-49E2-8820-F948E2E3E9D8}.Debug|Any CPU.Build.0 = Debug|Any CPU
		{2478E42C-8FC8-49E2-8820-F948E2E3E9D8}.Debug|x64.ActiveCfg = Debug|Any CPU
		{2478E42C-8FC8-49E2-8820-F948E2E3E9D8}.Debug|x64.Build.0 = Debug|Any CPU
		{2478E42C-8FC8-49E2-8820-F948E2E3E9D8}.Debug|x86.ActiveCfg = Debug|Any CPU
		{2478E42C-8FC8-49E2-8820-F948E2E3E9D8}.Debug|x86.Build.0 = Debug|Any CPU
		{2478E42C-8FC8-49E2-8820-F948E2E3E9D8}.Release|Any CPU.ActiveCfg = Release|Any CPU
		{2478E42C-8FC8-49E2-8820-F948E2E3E9D8}.Release|Any CPU.Build.0 = Release|Any CPU
		{2478E42C-8FC8-49E2-8820-F948E2E3E9D8}.Release|x64.ActiveCfg = Release|Any CPU
		{2478E42C-8FC8-49E2-8820-F948E2E3E9D8}.Release|x64.Build.0 = Release|Any CPU
		{2478E42C-8FC8-49E2-8820-F948E2E3E9D8}.Release|x86.ActiveCfg = Release|Any CPU
		{2478E42C-8FC8-49E2-8820-F948E2E3E9D8}.Release|x86.Build.0 = Release|Any CPU
		{44A05EF1-9662-486A-B1FE-0BAE927EC0CC}.Debug|Any CPU.ActiveCfg = Debug|Any CPU
		{44A05EF1-9662-486A-B1FE-0BAE927EC0CC}.Debug|Any CPU.Build.0 = Debug|Any CPU
		{44A05EF1-9662-486A-B1FE-0BAE927EC0CC}.Debug|x64.ActiveCfg = Debug|Any CPU
		{44A05EF1-9662-486A-B1FE-0BAE927EC0CC}.Debug|x64.Build.0 = Debug|Any CPU
		{44A05EF1-9662-486A-B1FE-0BAE927EC0CC}.Debug|x86.ActiveCfg = Debug|Any CPU
		{44A05EF1-9662-486A-B1FE-0BAE927EC0CC}.Debug|x86.Build.0 = Debug|Any CPU
		{44A05EF1-9662-486A-B1FE-0BAE927EC0CC}.Release|Any CPU.ActiveCfg = Release|Any CPU
		{44A05EF1-9662-486A-B1FE-0BAE927EC0CC}.Release|Any CPU.Build.0 = Release|Any CPU
		{44A05EF1-9662-486A-B1FE-0BAE927EC0CC}.Release|x64.ActiveCfg = Release|Any CPU
		{44A05EF1-9662-486A-B1FE-0BAE927EC0CC}.Release|x64.Build.0 = Release|Any CPU
		{44A05EF1-9662-486A-B1FE-0BAE927EC0CC}.Release|x86.ActiveCfg = Release|Any CPU
		{44A05EF1-9662-486A-B1FE-0BAE927EC0CC}.Release|x86.Build.0 = Release|Any CPU
		{B864140E-A2FC-4A2E-A0F4-C682625BBFF7}.Debug|Any CPU.ActiveCfg = Debug|Any CPU
		{B864140E-A2FC-4A2E-A0F4-C682625BBFF7}.Debug|Any CPU.Build.0 = Debug|Any CPU
		{B864140E-A2FC-4A2E-A0F4-C682625BBFF7}.Debug|x64.ActiveCfg = Debug|Any CPU
		{B864140E-A2FC-4A2E-A0F4-C682625BBFF7}.Debug|x64.Build.0 = Debug|Any CPU
		{B864140E-A2FC-4A2E-A0F4-C682625BBFF7}.Debug|x86.ActiveCfg = Debug|Any CPU
		{B864140E-A2FC-4A2E-A0F4-C682625BBFF7}.Debug|x86.Build.0 = Debug|Any CPU
		{B864140E-A2FC-4A2E-A0F4-C682625BBFF7}.Release|Any CPU.ActiveCfg = Release|Any CPU
		{B864140E-A2FC-4A2E-A0F4-C682625BBFF7}.Release|Any CPU.Build.0 = Release|Any CPU
		{B864140E-A2FC-4A2E-A0F4-C682625BBFF7}.Release|x64.ActiveCfg = Release|Any CPU
		{B864140E-A2FC-4A2E-A0F4-C682625BBFF7}.Release|x64.Build.0 = Release|Any CPU
		{B864140E-A2FC-4A2E-A0F4-C682625BBFF7}.Release|x86.ActiveCfg = Release|Any CPU
		{B864140E-A2FC-4A2E-A0F4-C682625BBFF7}.Release|x86.Build.0 = Release|Any CPU
		{6B5898C1-F5FD-425D-8265-4709C28BA7A0}.Debug|Any CPU.ActiveCfg = Debug|Any CPU
		{6B5898C1-F5FD-425D-8265-4709C28BA7A0}.Debug|Any CPU.Build.0 = Debug|Any CPU
		{6B5898C1-F5FD-425D-8265-4709C28BA7A0}.Debug|x64.ActiveCfg = Debug|Any CPU
		{6B5898C1-F5FD-425D-8265-4709C28BA7A0}.Debug|x64.Build.0 = Debug|Any CPU
		{6B5898C1-F5FD-425D-8265-4709C28BA7A0}.Debug|x86.ActiveCfg = Debug|Any CPU
		{6B5898C1-F5FD-425D-8265-4709C28BA7A0}.Debug|x86.Build.0 = Debug|Any CPU
		{6B5898C1-F5FD-425D-8265-4709C28BA7A0}.Release|Any CPU.ActiveCfg = Release|Any CPU
		{6B5898C1-F5FD-425D-8265-4709C28BA7A0}.Release|Any CPU.Build.0 = Release|Any CPU
		{6B5898C1-F5FD-425D-8265-4709C28BA7A0}.Release|x64.ActiveCfg = Release|Any CPU
		{6B5898C1-F5FD-425D-8265-4709C28BA7A0}.Release|x64.Build.0 = Release|Any CPU
		{6B5898C1-F5FD-425D-8265-4709C28BA7A0}.Release|x86.ActiveCfg = Release|Any CPU
		{6B5898C1-F5FD-425D-8265-4709C28BA7A0}.Release|x86.Build.0 = Release|Any CPU
		{0F15E2FB-E668-4982-BD8C-B8526FAA386A}.Debug|Any CPU.ActiveCfg = Debug|Any CPU
		{0F15E2FB-E668-4982-BD8C-B8526FAA386A}.Debug|Any CPU.Build.0 = Debug|Any CPU
		{0F15E2FB-E668-4982-BD8C-B8526FAA386A}.Debug|x64.ActiveCfg = Debug|Any CPU
		{0F15E2FB-E668-4982-BD8C-B8526FAA386A}.Debug|x64.Build.0 = Debug|Any CPU
		{0F15E2FB-E668-4982-BD8C-B8526FAA386A}.Debug|x86.ActiveCfg = Debug|Any CPU
		{0F15E2FB-E668-4982-BD8C-B8526FAA386A}.Debug|x86.Build.0 = Debug|Any CPU
		{0F15E2FB-E668-4982-BD8C-B8526FAA386A}.Release|Any CPU.ActiveCfg = Release|Any CPU
		{0F15E2FB-E668-4982-BD8C-B8526FAA386A}.Release|Any CPU.Build.0 = Release|Any CPU
		{0F15E2FB-E668-4982-BD8C-B8526FAA386A}.Release|x64.ActiveCfg = Release|Any CPU
		{0F15E2FB-E668-4982-BD8C-B8526FAA386A}.Release|x64.Build.0 = Release|Any CPU
		{0F15E2FB-E668-4982-BD8C-B8526FAA386A}.Release|x86.ActiveCfg = Release|Any CPU
		{0F15E2FB-E668-4982-BD8C-B8526FAA386A}.Release|x86.Build.0 = Release|Any CPU
	EndGlobalSection
	GlobalSection(SolutionProperties) = preSolution
		HideSolutionNode = FALSE
	EndGlobalSection
	GlobalSection(ExtensibilityGlobals) = postSolution
		SolutionGuid = {AEA0CCAF-4C43-4C0E-9E58-AB1834B8E5DB}
	EndGlobalSection
EndGlobal
